<?xml version="1.0" encoding="UTF-8"?>
<Scheme
   version = "1.3">
   <BuildAction>
      <BuildActionEntries>
         <BuildActionEntry
            buildForRunning = "YES">
            <BuildableReference
               BuildableIdentifier = "primary"
               BlueprintIdentifier = "ED7C9D50D294EF2FFDC62D79"
               BuildableName = "DinosaurProtocol.app"
               BlueprintName = "DinosaurProtocol"
               ReferencedContainer = "container:DinosaurProtocol.xcodeproj">
            </BuildableReference>
         </BuildActionEntry>
      </BuildActionEntries>
   </BuildAction>
   <LaunchAction
      useCustomWorkingDirectory = "NO"
      buildConfiguration = "Debug"
      allowLocationSimulation = "YES">
      <BuildableProductRunnable>
         <BuildableReference
            BuildableIdentifier = "primary"
            BlueprintIdentifier = "ED7C9D50D294EF2FFDC62D79"
            BuildableName = "DinosaurProtocol.app"
            BlueprintName = "DinosaurProtocol"
            ReferencedContainer = "container:DinosaurProtocol.xcodeproj">
         </BuildableReference>
      </BuildableProductRunnable>
   </LaunchAction>
</Scheme>
